
Microsoft Visual Studio Solution File, Format Version 12.00
Project("{FAE04EC0-301F-11D3-BF4B-00C04F79EFBC}") = "Microservice", "src\Microservice\Microservice.csproj", "{E106E7F3-7D8B-4BCC-B5ED-CFD5B6A5E282}"
EndProject
Project("{FAE04EC0-301F-11D3-BF4B-00C04F79EFBC}") = "Tests", "Src\Tests\Tests.csproj", "{09008E13-AB2C-4D0E-8E76-4D75C8422526}"
EndProject
Global
	GlobalSection(SolutionConfigurationPlatforms) = preSolution
		Debug|Any CPU = Debug|Any CPU
		Release|Any CPU = Release|Any CPU
	EndGlobalSection
	GlobalSection(ProjectConfigurationPlatforms) = postSolution
		{E106E7F3-7D8B-4BCC-B5ED-CFD5B6A5E282}.Debug|Any CPU.ActiveCfg = Debug|Any CPU
		{E106E7F3-7D8B-4BCC-B5ED-CFD5B6A5E282}.Debug|Any CPU.Build.0 = Debug|Any CPU
		{E106E7F3-7D8B-4BCC-B5ED-CFD5B6A5E282}.Release|Any CPU.ActiveCfg = Release|Any CPU
		{E106E7F3-7D8B-4BCC-B5ED-CFD5B6A5E282}.Release|Any CPU.Build.0 = Release|Any CPU
		{09008E13-AB2C-4D0E-8E76-4D75C8422526}.Debug|Any CPU.ActiveCfg = Debug|Any CPU
		{09008E13-AB2C-4D0E-8E76-4D75C8422526}.Debug|Any CPU.Build.0 = Debug|Any CPU
		{09008E13-AB2C-4D0E-8E76-4D75C8422526}.Release|Any CPU.ActiveCfg = Release|Any CPU
		{09008E13-AB2C-4D0E-8E76-4D75C8422526}.Release|Any CPU.Build.0 = Release|Any CPU
	EndGlobalSection
EndGlobal
